{
  "name": "dotnet5786_5614_4320",
  "lockfileVersion": 3,
  "requires": true,
  "packages": {
    "": {
      "dependencies": {
        "@anthropic-ai/claude-code": "^2.1.247"
      }
    },
    "node_modules/@anthropic-ai/claude-code": {
      "version": "2.1.247",
      "resolved": "https://registry.npmjs.org/@anthropic-ai/claude-code/-/claude-code-2.1.247.tgz",
      "integrity": "sha512-2Z2UQKom3x6GBQDYlFFi00KbRciqsuGL9CpK+IN3fXmmJb7IXVitrRZ6HZyUw0ixnckr814GIp0FUaXwDEbBrw==",
      "hasInstallScript": true,
      "bin": {
        "claude": "bin/claude.exe"
      },
      "engines": {
        "node": ">=22.0.0"
      },
      "optionalDependencies": {
        "@anthropic-ai/claude-code-darwin-arm64": "2.1.247",
        "@anthropic-ai/claude-code-darwin-x64": "2.1.247",
        "@anthropic-ai/claude-code-linux-arm64": "2.1.247",
        "@anthropic-ai/claude-code-linux-arm64-musl": "2.1.247",
        "@anthropic-ai/claude-code-linux-x64": "2.1.247",
        "@anthropic-ai/claude-code-linux-x64-musl": "2.1.247",
        "@anthropic-ai/claude-code-win32-arm64": "2.1.247",
        "@anthropic-ai/claude-code-win32-x64": "2.1.247"
      }
    },
    "node_modules/@anthropic-ai/claude-code-darwin-arm64": {
      "version": "2.1.247",
      "resolved": "https://registry.npmjs.org/@anthropic-ai/claude-code-darwin-arm64/-/claude-code-darwin-arm64-2.1.247.tgz",
      "integrity": "sha512-PgInuhsq1LONloSE6puAPzQUakRDDkX8fYPz+k7CCJK8uvfsxtSwA19T1l3ebVuZauPcss+E4abk+WFwGlY3Cg==",
      "cpu": [
        "arm64"
      ],
      "optional": true,
      "os": [
        "darwin"
      ]
    },
    "node_modules/@anthropic-ai/claude-code-darwin-x64": {
      "version": "2.1.247",
      "resolved": "https://registry.npmjs.org/@anthropic-ai/claude-code-darwin-x64/-/claude-code-darwin-x64-2.1.247.tgz",
      "integrity": "sha512-CAMN8THavM7V0qhX6JwvfXIAMuQHxQf8XYP2ztMR2MsIT1Vrac1bmXav/tmlVFmA2UaRBHImGIHO+4oiyaziTA==",
      "cpu": [
        "x64"
      ],
      "optional": true,
      "os": [
        "darwin"
      ]
    },
    "node_modules/@anthropic-ai/claude-code-linux-arm64": {
      "version": "2.1.247",
      "resolved": "https://registry.npmjs.org/@anthropic-ai/claude-code-linux-arm64/-/claude-code-linux-arm64-2.1.247.tgz",
      "integrity": "sha512-oz5zSpSHY3WBaajo70L61YVM0efGxhoguOhz2DjbVy/Q6EvXoDaAj6813IzIHHsRugLYQ36D1B32GDSL63mz6Q==",
      "cpu": [
        "arm64"
      ],
      "optional": true,
      "os": [
        "linux"
      ]
    },
    "node_modules/@anthropic-ai/claude-code-linux-arm64-musl": {
      "version": "2.1.247",
      "resolved": "https://registry.npmjs.org/@anthropic-ai/claude-code-linux-arm64-musl/-/claude-code-linux-arm64-musl-2.1.247.tgz",
      "integrity": "sha512-894hf5lB/+nBIHkzWwo4iDFzTCaJxKqLMfZRmiEj4FMoToepNXRr+jROwuXTAdWE7wKqZjUGi7SDbykfLR40Jw==",
      "cpu": [
        "arm64"
      ],
      "optional": true,
      "os": [
        "linux"
      ]
    },
    "node_modules/@anthropic-ai/claude-code-linux-x64": {
      "version": "2.1.247",
      "resolved": "https://registry.npmjs.org/@anthropic-ai/claude-code-linux-x64/-/claude-code-linux-x64-2.1.247.tgz",
      "integrity": "sha512-ZHjg+YRpBDKmTzIWtVF7ofABjwz387bCjDCUyO89ttuOwlUvh1zmCVwTlL6BdJO/v9uCTbQOrM7GUIDqzmPAoA==",
      "cpu": [
        "x64"
      ],
      "optional": true,
      "os": [
        "linux"
      ]
    },
    "node_modules/@anthropic-ai/claude-code-linux-x64-musl": {
      "version": "2.1.247",
      "resolved": "https://registry.npmjs.org/@anthropic-ai/claude-code-linux-x64-musl/-/claude-code-linux-x64-musl-2.1.247.tgz",
      "integrity": "sha512-/2ZS9KFUxvXlO4z1byS4BJExUfh51IbtrUVuF4QbdkAMBirnNF16ACJyorzcKfvQR8+aLoPuznMuIZd2yltRXQ==",
      "cpu": [
        "x64"
      ],
      "optional": true,
      "os": [
        "linux"
      ]
    },
    "node_modules/@anthropic-ai/claude-code-win32-arm64": {
      "version": "2.1.247",
      "resolved": "https://registry.npmjs.org/@anthropic-ai/claude-code-win32-arm64/-/claude-code-win32-arm64-2.1.247.tgz",
      "integrity": "sha512-vN73B/ofkhj939CN5aEW84wuJKWJ7t7Ecn0u1tu59zcUfuIjIllliTjnuVmmYolaR8mncLjK81d1dXMqHhbb7w==",
      "cpu": [
        "arm64"
      ],
      "optional": true,
      "os": [
        "win32"
      ]
    },
    "node_modules/@anthropic-ai/claude-code-win32-x64": {
      "version": "2.1.247",
      "resolved": "https://registry.npmjs.org/@anthropic-ai/claude-code-win32-x64/-/claude-code-win32-x64-2.1.247.tgz",
      "integrity": "sha512-nCg+StYkQjcZh4cWUwwD4ECTj/9jfWlNMxpsFvg2BgWkEtoA/q6bX+1NyYw9FRibbdD6MUfi7dtvK36koWqL2w==",
      "cpu": [
        "x64"
      ],
      "optional": true,
      "os": [
        "win32"
      ]
    }
  }
}
